// !$*UTF8*$!
{
	archiveVersion = 1;
	classes = {
	};
	objectVersion = 46;
	objects = {

/* Begin PBXBuildFile section */
		D3EFE6241CE4B549001A928B /* AppDelegate.swift in Sources */ = {isa = PBXBuildFile; fileRef = D3EFE6231CE4B549001A928B /* AppDelegate.swift */; };
		D3EFE6261CE4B549001A928B /* ViewController.swift in Sources */ = {isa = PBXBuildFile; fileRef = D3EFE6251CE4B549001A928B /* ViewController.swift */; };
		D3EFE6291CE4B549001A928B /* Main.storyboard in Resources */ = {isa = PBXBuildFile; fileRef = D3EFE6271CE4B549001A928B /* Main.storyboard */; };
		D3EFE62B1CE4B549001A928B /* Assets.xcassets in Resources */ = {isa = PBXBuildFile; fileRef = D3EFE62A1CE4B549001A928B /* Assets.xcassets */; };
		D3EFE62E1CE4B549001A928B /* LaunchScreen.storyboard in Resources */ = {isa = PBXBuildFile; fileRef = D3EFE62C1CE4B549001A928B /* LaunchScreen.storyboard */; };
		D3EFE63D1CE4BBA3001A928B /* NotoSans-Bold.ttf in Resources */ = {isa = PBXBuildFile; fileRef = D3EFE6391CE4BBA3001A928B /* NotoSans-Bold.ttf */; };
		D3EFE63E1CE4BBA3001A928B /* NotoSans-BoldItalic.ttf in Resources */ = {isa = PBXBuildFile; fileRef = D3EFE63A1CE4BBA3001A928B /* NotoSans-BoldItalic.ttf */; };
		D3EFE63F1CE4BBA3001A928B /* NotoSans-Italic.ttf in Resources */ = {isa = PBXBuildFile; fileRef = D3EFE63B1CE4BBA3001A928B /* NotoSans-Italic.ttf */; };
		D3EFE6401CE4BBA3001A928B /* NotoSans-Regular.ttf in Resources */ = {isa = PBXBuildFile; fileRef = D3EFE63C1CE4BBA3001A928B /* NotoSans-Regular.ttf */; };
		D3EFE6421CE4DB0B001A928B /* MaterialView.swift in Sources */ = {isa = PBXBuildFile; fileRef = D3EFE6411CE4DB0B001A928B /* MaterialView.swift */; };
		D3EFE6451CE4DB5D001A928B /* Constants.swift in Sources */ = {isa = PBXBuildFile; fileRef = D3EFE6441CE4DB5D001A928B /* Constants.swift */; };
		D3EFE6471CE4E6F4001A928B /* MaterialButton.swift in Sources */ = {isa = PBXBuildFile; fileRef = D3EFE6461CE4E6F4001A928B /* MaterialButton.swift */; };
		D3EFE6491CE4ECC0001A928B /* MaterialTextField.swift in Sources */ = {isa = PBXBuildFile; fileRef = D3EFE6481CE4ECC0001A928B /* MaterialTextField.swift */; };
		D3EFE64E1CE515D5001A928B /* FBSDKCoreKit.framework in Frameworks */ = {isa = PBXBuildFile; fileRef = D3EFE64B1CE515D5001A928B /* FBSDKCoreKit.framework */; };
		D3EFE64F1CE515D5001A928B /* FBSDKLoginKit.framework in Frameworks */ = {isa = PBXBuildFile; fileRef = D3EFE64C1CE515D5001A928B /* FBSDKLoginKit.framework */; };
		D3EFE6501CE515D5001A928B /* FBSDKShareKit.framework in Frameworks */ = {isa = PBXBuildFile; fileRef = D3EFE64D1CE515D5001A928B /* FBSDKShareKit.framework */; };
/* End PBXBuildFile section */

/* Begin PBXFileReference section */
		D3EFE6201CE4B549001A928B /* chatariffic.app */ = {isa = PBXFileReference; explicitFileType = wrapper.application; includeInIndex = 0; path = chatariffic.app; sourceTree = BUILT_PRODUCTS_DIR; };
		D3EFE6231CE4B549001A928B /* AppDelegate.swift */ = {isa = PBXFileReference; lastKnownFileType = sourcecode.swift; path = AppDelegate.swift; sourceTree = "<group>"; };
		D3EFE6251CE4B549001A928B /* ViewController.swift */ = {isa = PBXFileReference; lastKnownFileType = sourcecode.swift; path = ViewController.swift; sourceTree = "<group>"; };
		D3EFE6281CE4B549001A928B /* Base */ = {isa = PBXFileReference; lastKnownFileType = file.storyboard; name = Base; path = Base.lproj/Main.storyboard; sourceTree = "<group>"; };
		D3EFE62A1CE4B549001A928B /* Assets.xcassets */ = {isa = PBXFileReference; lastKnownFileType = folder.assetcatalog; path = Assets.xcassets; sourceTree = "<group>"; };
		D3EFE62D1CE4B549001A928B /* Base */ = {isa = PBXFileReference; lastKnownFileType = file.storyboard; name = Base; path = Base.lproj/LaunchScreen.storyboard; sourceTree = "<group>"; };
		D3EFE62F1CE4B549001A928B /* Info.plist */ = {isa = PBXFileReference; lastKnownFileType = text.plist.xml; path = Info.plist; sourceTree = "<group>"; };
		D3EFE6391CE4BBA3001A928B /* NotoSans-Bold.ttf */ = {isa = PBXFileReference; lastKnownFileType = file; path = "NotoSans-Bold.ttf"; sourceTree = "<group>"; };
		D3EFE63A1CE4BBA3001A928B /* NotoSans-BoldItalic.ttf */ = {isa = PBXFileReference; lastKnownFileType = file; path = "NotoSans-BoldItalic.ttf"; sourceTree = "<group>"; };
		D3EFE63B1CE4BBA3001A928B /* NotoSans-Italic.ttf */ = {isa = PBXFileReference; lastKnownFileType = file; path = "NotoSans-Italic.ttf"; sourceTree = "<group>"; };
		D3EFE63C1CE4BBA3001A928B /* NotoSans-Regular.ttf */ = {isa = PBXFileReference; lastKnownFileType = file; path = "NotoSans-Regular.ttf"; sourceTree = "<group>"; };
		D3EFE6411CE4DB0B001A928B /* MaterialView.swift */ = {isa = PBXFileReference; fileEncoding = 4; lastKnownFileType = sourcecode.swift; path = MaterialView.swift; sourceTree = "<group>"; };
		D3EFE6441CE4DB5D001A928B /* Constants.swift */ = {isa = PBXFileReference; fileEncoding = 4; lastKnownFileType = sourcecode.swift; path = Constants.swift; sourceTree = "<group>"; };
		D3EFE6461CE4E6F4001A928B /* MaterialButton.swift */ = {isa = PBXFileReference; fileEncoding = 4; lastKnownFileType = sourcecode.swift; path = MaterialButton.swift; sourceTree = "<group>"; };
		D3EFE6481CE4ECC0001A928B /* MaterialTextField.swift */ = {isa = PBXFileReference; fileEncoding = 4; lastKnownFileType = sourcecode.swift; path = MaterialTextField.swift; sourceTree = "<group>"; };
		D3EFE64B1CE515D5001A928B /* FBSDKCoreKit.framework */ = {isa = PBXFileReference; lastKnownFileType = wrapper.framework; path = FBSDKCoreKit.framework; sourceTree = "<group>"; };
		D3EFE64C1CE515D5001A928B /* FBSDKLoginKit.framework */ = {isa = PBXFileReference; lastKnownFileType = wrapper.framework; path = FBSDKLoginKit.framework; sourceTree = "<group>"; };
		D3EFE64D1CE515D5001A928B /* FBSDKShareKit.framework */ = {isa = PBXFileReference; lastKnownFileType = wrapper.framework; path = FBSDKShareKit.framework; sourceTree = "<group>"; };
/* End PBXFileReference section */

/* Begin PBXFrameworksBuildPhase section */
		D3EFE61D1CE4B549001A928B /* Frameworks */ = {
			isa = PBXFrameworksBuildPhase;
			buildActionMask = 2147483647;
			files = (
				D3EFE64F1CE515D5001A928B /* FBSDKLoginKit.framework in Frameworks */,
				D3EFE64E1CE515D5001A928B /* FBSDKCoreKit.framework in Frameworks */,
				D3EFE6501CE515D5001A928B /* FBSDKShareKit.framework in Frameworks */,
			);
			runOnlyForDeploymentPostprocessing = 0;
		};
/* End PBXFrameworksBuildPhase section */

/* Begin PBXGroup section */
		D3EFE6171CE4B549001A928B = {
			isa = PBXGroup;
			children = (
				D3EFE6221CE4B549001A928B /* chatariffic */,
				D3EFE6211CE4B549001A928B /* Products */,
			);
			sourceTree = "<group>";
		};
		D3EFE6211CE4B549001A928B /* Products */ = {
			isa = PBXGroup;
			children = (
				D3EFE6201CE4B549001A928B /* chatariffic.app */,
			);
			name = Products;
			sourceTree = "<group>";
		};
		D3EFE6221CE4B549001A928B /* chatariffic */ = {
			isa = PBXGroup;
			children = (
				D3EFE6371CE4B8B5001A928B /* Model */,
				D3EFE6361CE4B8AC001A928B /* View */,
				D3EFE6351CE4B8A3001A928B /* Controller */,
				D3EFE64A1CE5159C001A928B /* Frameworks */,
				D3EFE6381CE4B8C4001A928B /* Resources */,
				D3EFE6431CE4DB46001A928B /* Utils */,
				D3EFE6231CE4B549001A928B /* AppDelegate.swift */,
				D3EFE6251CE4B549001A928B /* ViewController.swift */,
				D3EFE6271CE4B549001A928B /* Main.storyboard */,
				D3EFE62A1CE4B549001A928B /* Assets.xcassets */,
				D3EFE62C1CE4B549001A928B /* LaunchScreen.storyboard */,
				D3EFE62F1CE4B549001A928B /* Info.plist */,
			);
			path = chatariffic;
			sourceTree = "<group>";
		};
		D3EFE6351CE4B8A3001A928B /* Controller */ = {
			isa = PBXGroup;
			children = (
			);
			name = Controller;
			sourceTree = "<group>";
		};
		D3EFE6361CE4B8AC001A928B /* View */ = {
			isa = PBXGroup;
			children = (
				D3EFE6411CE4DB0B001A928B /* MaterialView.swift */,
				D3EFE6461CE4E6F4001A928B /* MaterialButton.swift */,
				D3EFE6481CE4ECC0001A928B /* MaterialTextField.swift */,
			);
			name = View;
			sourceTree = "<group>";
		};
		D3EFE6371CE4B8B5001A928B /* Model */ = {
			isa = PBXGroup;
			children = (
			);
			name = Model;
			sourceTree = "<group>";
		};
		D3EFE6381CE4B8C4001A928B /* Resources */ = {
			isa = PBXGroup;
			children = (
				D3EFE6391CE4BBA3001A928B /* NotoSans-Bold.ttf */,
				D3EFE63A1CE4BBA3001A928B /* NotoSans-BoldItalic.ttf */,
				D3EFE63B1CE4BBA3001A928B /* NotoSans-Italic.ttf */,
				D3EFE63C1CE4BBA3001A928B /* NotoSans-Regular.ttf */,
			);
			name = Resources;
			sourceTree = "<group>";
		};
		D3EFE6431CE4DB46001A928B /* Utils */ = {
			isa = PBXGroup;
			children = (
				D3EFE6441CE4DB5D001A928B /* Constants.swift */,
			);
			name = Utils;
			sourceTree = "<group>";
		};
		D3EFE64A1CE5159C001A928B /* Frameworks */ = {
			isa = PBXGroup;
			children = (
				D3EFE64B1CE515D5001A928B /* FBSDKCoreKit.framework */,
				D3EFE64C1CE515D5001A928B /* FBSDKLoginKit.framework */,
				D3EFE64D1CE515D5001A928B /* FBSDKShareKit.framework */,
			);
			name = Frameworks;
			sourceTree = "<group>";
		};
/* End PBXGroup section */

/* Begin PBXNativeTarget section */
		D3EFE61F1CE4B549001A928B /* chatariffic */ = {
			isa = PBXNativeTarget;
			buildConfigurationList = D3EFE6321CE4B549001A928B /* Build configuration list for PBXNativeTarget "chatariffic" */;
			buildPhases = (
				D3EFE61C1CE4B549001A928B /* Sources */,
				D3EFE61D1CE4B549001A928B /* Frameworks */,
				D3EFE61E1CE4B549001A928B /* Resources */,
			);
			buildRules = (
			);
			dependencies = (
			);
			name = chatariffic;
			productName = chatariffic;
			productReference = D3EFE6201CE4B549001A928B /* chatariffic.app */;
			productType = "com.apple.product-type.application";
		};
/* End PBXNativeTarget section */

/* Begin PBXProject section */
		D3EFE6181CE4B549001A928B /* Project object */ = {
			isa = PBXProject;
			attributes = {
				LastSwiftUpdateCheck = 0730;
				LastUpgradeCheck = 0730;
				ORGANIZATIONNAME = "William L. Marr III";
				TargetAttributes = {
					D3EFE61F1CE4B549001A928B = {
						CreatedOnToolsVersion = 7.3.1;
						DevelopmentTeam = 48DP5ENKMR;
					};
				};
			};
			buildConfigurationList = D3EFE61B1CE4B549001A928B /* Build configuration list for PBXProject "chatariffic" */;
			compatibilityVersion = "Xcode 3.2";
			developmentRegion = English;
			hasScannedForEncodings = 0;
			knownRegions = (
				en,
				Base,
			);
			mainGroup = D3EFE6171CE4B549001A928B;
			productRefGroup = D3EFE6211CE4B549001A928B /* Products */;
			projectDirPath = "";
			projectRoot = "";
			targets = (
				D3EFE61F1CE4B549001A928B /* chatariffic */,
			);
		};
/* End PBXProject section */

/* Begin PBXResourcesBuildPhase section */
		D3EFE61E1CE4B549001A928B /* Resources */ = {
			isa = PBXResourcesBuildPhase;
			buildActionMask = 2147483647;
			files = (
				D3EFE63D1CE4BBA3001A928B /* NotoSans-Bold.ttf in Resources */,
				D3EFE62E1CE4B549001A928B /* LaunchScreen.storyboard in Resources */,
				D3EFE63E1CE4BBA3001A928B /* NotoSans-BoldItalic.ttf in Resources */,
				D3EFE63F1CE4BBA3001A928B /* NotoSans-Italic.ttf in Resources */,
				D3EFE62B1CE4B549001A928B /* Assets.xcassets in Resources */,
				D3EFE6291CE4B549001A928B /* Main.storyboard in Resources */,
				D3EFE6401CE4BBA3001A928B /* NotoSans-Regular.ttf in Resources */,
			);
			runOnlyForDeploymentPostprocessing = 0;
		};
/* End PBXResourcesBuildPhase section */

/* Begin PBXSourcesBuildPhase section */
		D3EFE61C1CE4B549001A928B /* Sources */ = {
			isa = PBXSourcesBuildPhase;
			buildActionMask = 2147483647;
			files = (
				D3EFE6491CE4ECC0001A928B /* MaterialTextField.swift in Sources */,
				D3EFE6421CE4DB0B001A928B /* MaterialView.swift in Sources */,
				D3EFE6261CE4B549001A928B /* ViewController.swift in Sources */,
				D3EFE6241CE4B549001A928B /* AppDelegate.swift in Sources */,
				D3EFE6451CE4DB5D001A928B /* Constants.swift in Sources */,
				D3EFE6471CE4E6F4001A928B /* MaterialButton.swift in Sources */,
			);
			runOnlyForDeploymentPostprocessing = 0;
		};
/* End PBXSourcesBuildPhase section */

/* Begin PBXVariantGroup section */
		D3EFE6271CE4B549001A928B /* Main.storyboard */ = {
			isa = PBXVariantGroup;
			children = (
				D3EFE6281CE4B549001A928B /* Base */,
			);
			name = Main.storyboard;
			sourceTree = "<group>";
		};
		D3EFE62C1CE4B549001A928B /* LaunchScreen.storyboard */ = {
			isa = PBXVariantGroup;
			children = (
				D3EFE62D1CE4B549001A928B /* Base */,
			);
			name = LaunchScreen.storyboard;
			sourceTree = "<group>";
		};
/* End PBXVariantGroup section */

/* Begin XCBuildConfiguration section */
		D3EFE6301CE4B549001A928B /* Debug */ = {
			isa = XCBuildConfiguration;
			buildSettings = {
				ALWAYS_SEARCH_USER_PATHS = NO;
				CLANG_ANALYZER_NONNULL = YES;
				CLANG_CXX_LANGUAGE_STANDARD = "gnu++0x";
				CLANG_CXX_LIBRARY = "libc++";
				CLANG_ENABLE_MODULES = YES;
				CLANG_ENABLE_OBJC_ARC = YES;
				CLANG_WARN_BOOL_CONVERSION = YES;
				CLANG_WARN_CONSTANT_CONVERSION = YES;
				CLANG_WARN_DIRECT_OBJC_ISA_USAGE = YES_ERROR;
				CLANG_WARN_EMPTY_BODY = YES;
				CLANG_WARN_ENUM_CONVERSION = YES;
				CLANG_WARN_INT_CONVERSION = YES;
				CLANG_WARN_OBJC_ROOT_CLASS = YES_ERROR;
				CLANG_WARN_UNREACHABLE_CODE = YES;
				CLANG_WARN__DUPLICATE_METHOD_MATCH = YES;
				"CODE_SIGN_IDENTITY[sdk=iphoneos*]" = "iPhone Developer";
				COPY_PHASE_STRIP = NO;
				DEBUG_INFORMATION_FORMAT = dwarf;
				ENABLE_STRICT_OBJC_MSGSEND = YES;
				ENABLE_TESTABILITY = YES;
				GCC_C_LANGUAGE_STANDARD = gnu99;
				GCC_DYNAMIC_NO_PIC = NO;
				GCC_NO_COMMON_BLOCKS = YES;
				GCC_OPTIMIZATION_LEVEL = 0;
				GCC_PREPROCESSOR_DEFINITIONS = (
					"DEBUG=1",
					"$(inherited)",
				);
				GCC_WARN_64_TO_32_BIT_CONVERSION = YES;
				GCC_WARN_ABOUT_RETURN_TYPE = YES_ERROR;
				GCC_WARN_UNDECLARED_SELECTOR = YES;
				GCC_WARN_UNINITIALIZED_AUTOS = YES_AGGRESSIVE;
				GCC_WARN_UNUSED_FUNCTION = YES;
				GCC_WARN_UNUSED_VARIABLE = YES;
				IPHONEOS_DEPLOYMENT_TARGET = 9.3;
				MTL_ENABLE_DEBUG_INFO = YES;
				ONLY_ACTIVE_ARCH = YES;
				SDKROOT = iphoneos;
				SWIFT_OPTIMIZATION_LEVEL = "-Onone";
				TARGETED_DEVICE_FAMILY = "1,2";
			};
			name = Debug;
		};
		D3EFE6311CE4B549001A928B /* Release */ = {
			isa = XCBuildConfiguration;
			buildSettings = {
				ALWAYS_SEARCH_USER_PATHS = NO;
				CLANG_ANALYZER_NONNULL = YES;
				CLANG_CXX_LANGUAGE_STANDARD = "gnu++0x";
				CLANG_CXX_LIBRARY = "libc++";
				CLANG_ENABLE_MODULES = YES;
				CLANG_ENABLE_OBJC_ARC = YES;
				CLANG_WARN_BOOL_CONVERSION = YES;
				CLANG_WARN_CONSTANT_CONVERSION = YES;
				CLANG_WARN_DIRECT_OBJC_ISA_USAGE = YES_ERROR;
				CLANG_WARN_EMPTY_BODY = YES;
				CLANG_WARN_ENUM_CONVERSION = YES;
				CLANG_WARN_INT_CONVERSION = YES;
				CLANG_WARN_OBJC_ROOT_CLASS = YES_ERROR;
				CLANG_WARN_UNREACHABLE_CODE = YES;
				CLANG_WARN__DUPLICATE_METHOD_MATCH = YES;
				"CODE_SIGN_IDENTITY[sdk=iphoneos*]" = "iPhone Developer";
				COPY_PHASE_STRIP = NO;
				DEBUG_INFORMATION_FORMAT = "dwarf-with-dsym";
				ENABLE_NS_ASSERTIONS = NO;
				ENABLE_STRICT_OBJC_MSGSEND = YES;
				GCC_C_LANGUAGE_STANDARD = gnu99;
				GCC_NO_COMMON_BLOCKS = YES;
				GCC_WARN_64_TO_32_BIT_CONVERSION = YES;
				GCC_WARN_ABOUT_RETURN_TYPE = YES_ERROR;
				GCC_WARN_UNDECLARED_SELECTOR = YES;
				GCC_WARN_UNINITIALIZED_AUTOS = YES_AGGRESSIVE;
				GCC_WARN_UNUSED_FUNCTION = YES;
				GCC_WARN_UNUSED_VARIABLE = YES;
				IPHONEOS_DEPLOYMENT_TARGET = 9.3;
				MTL_ENABLE_DEBUG_INFO = NO;
				SDKROOT = iphoneos;
				TARGETED_DEVICE_FAMILY = "1,2";
				VALIDATE_PRODUCT = YES;
			};
			name = Release;
		};
		D3EFE6331CE4B549001A928B /* Debug */ = {
			isa = XCBuildConfiguration;
			buildSettings = {
				ASSETCATALOG_COMPILER_APPICON_NAME = AppIcon;
				FRAMEWORK_SEARCH_PATHS = (
					"$(inherited)",
					"$(PROJECT_DIR)/chatariffic",
				);
				INFOPLIST_FILE = chatariffic/Info.plist;
				LD_RUNPATH_SEARCH_PATHS = "$(inherited) @executable_path/Frameworks";
				PRODUCT_BUNDLE_IDENTIFIER = net.wlmiii.chatariffic;
				PRODUCT_NAME = "$(TARGET_NAME)";
			};
			name = Debug;
		};
		D3EFE6341CE4B549001A928B /* Release */ = {
			isa = XCBuildConfiguration;
			buildSettings = {
				ASSETCATALOG_COMPILER_APPICON_NAME = AppIcon;
				FRAMEWORK_SEARCH_PATHS = (
					"$(inherited)",
					"$(PROJECT_DIR)/chatariffic",
				);
				INFOPLIST_FILE = chatariffic/Info.plist;
				LD_RUNPATH_SEARCH_PATHS = "$(inherited) @executable_path/Frameworks";
				PRODUCT_BUNDLE_IDENTIFIER = net.wlmiii.chatariffic;
				PRODUCT_NAME = "$(TARGET_NAME)";
			};
			name = Release;
		};
/* End XCBuildConfiguration section */

/* Begin XCConfigurationList section */
		D3EFE61B1CE4B549001A928B /* Build configuration list for PBXProject "chatariffic" */ = {
			isa = XCConfigurationList;
			buildConfigurations = (
				D3EFE6301CE4B549001A928B /* Debug */,
				D3EFE6311CE4B549001A928B /* Release */,
			);
			defaultConfigurationIsVisible = 0;
			defaultConfigurationName = Release;
		};
		D3EFE6321CE4B549001A928B /* Build configuration list for PBXNativeTarget "chatariffic" */ = {
			isa = XCConfigurationList;
			buildConfigurations = (
				D3EFE6331CE4B549001A928B /* Debug */,
				D3EFE6341CE4B549001A928B /* Release */,
			);
			defaultConfigurationIsVisible = 0;
		};
/* End XCConfigurationList section */
	};
	rootObject = D3EFE6181CE4B549001A928B /* Project object */;
}
